
Microsoft Visual Studio Solution File, Format Version 12.00
# Visual Studio 15
VisualStudioVersion = 15.0.28307.329
MinimumVisualStudioVersion = 10.0.40219.1
Project("{FAE04EC0-301F-11D3-BF4B-00C04F79EFBC}") = "SwiftFoodie", "SwiftFoodie\SwiftFoodie.csproj", "{9712C598-BAA9-43BB-86A4-9FD433F82293}"
EndProject
Global
	GlobalSection(SolutionConfigurationPlatforms) = preSolution
		Debug|Any CPU = Debug|Any CPU
		Release|Any CPU = Release|Any CPU
	EndGlobalSection
	GlobalSection(ProjectConfigurationPlatforms) = postSolution
		{9712C598-BAA9-43BB-86A4-9FD433F82293}.Debug|Any CPU.ActiveCfg = Debug|Any CPU
		{9712C598-BAA9-43BB-86A4-9FD433F82293}.Debug|Any CPU.Build.0 = Debug|Any CPU
		{9712C598-BAA9-43BB-86A4-9FD433F82293}.Release|Any CPU.ActiveCfg = Release|Any CPU
		{9712C598-BAA9-43BB-86A4-9FD433F82293}.Release|Any CPU.Build.0 = Release|Any CPU
	EndGlobalSection
	GlobalSection(SolutionProperties) = preSolution
		HideSolutionNode = FALSE
	EndGlobalSection
	GlobalSection(ExtensibilityGlobals) = postSolution
		SolutionGuid = {FA717B80-7813-47B0-9249-866531CBFF4A}
	EndGlobalSection
EndGlobal
